// !$*UTF8*$!
{
	archiveVersion = 1;
	classes = {
	};
	objectVersion = 46;
	objects = {

/* Begin PBXBuildFile section */
		955BFF2A1D81BCE20082999B /* SBSStaticsScrollVC.m in Sources */ = {isa = PBXBuildFile; fileRef = 955BFF281D81BCE20082999B /* SBSStaticsScrollVC.m */; };
		955BFF2B1D81BCE20082999B /* SBSStaticsScrollVC.xib in Resources */ = {isa = PBXBuildFile; fileRef = 955BFF291D81BCE20082999B /* SBSStaticsScrollVC.xib */; };
		957767BF1D2CF3B1006FE5A0 /* main.m in Sources */ = {isa = PBXBuildFile; fileRef = 957767BE1D2CF3B1006FE5A0 /* main.m */; };
		957767C21D2CF3B1006FE5A0 /* AppDelegate.m in Sources */ = {isa = PBXBuildFile; fileRef = 957767C11D2CF3B1006FE5A0 /* AppDelegate.m */; };
		957767C81D2CF3B1006FE5A0 /* Main.storyboard in Resources */ = {isa = PBXBuildFile; fileRef = 957767C61D2CF3B1006FE5A0 /* Main.storyboard */; };
		957767CA1D2CF3B1006FE5A0 /* Assets.xcassets in Resources */ = {isa = PBXBuildFile; fileRef = 957767C91D2CF3B1006FE5A0 /* Assets.xcassets */; };
		957767CD1D2CF3B1006FE5A0 /* LaunchScreen.storyboard in Resources */ = {isa = PBXBuildFile; fileRef = 957767CB1D2CF3B1006FE5A0 /* LaunchScreen.storyboard */; };
		957767D81D2CF3B1006FE5A0 /* QueryCollectorUITests.m in Sources */ = {isa = PBXBuildFile; fileRef = 957767D71D2CF3B1006FE5A0 /* QueryCollectorUITests.m */; };
		957768251D2CF524006FE5A0 /* UIView+Animations.m in Sources */ = {isa = PBXBuildFile; fileRef = 957767E61D2CF524006FE5A0 /* UIView+Animations.m */; };
		957768261D2CF524006FE5A0 /* DatabaseAccess.m in Sources */ = {isa = PBXBuildFile; fileRef = 957767E91D2CF524006FE5A0 /* DatabaseAccess.m */; };
		957768271D2CF524006FE5A0 /* DatabaseHelper.m in Sources */ = {isa = PBXBuildFile; fileRef = 957767EB1D2CF524006FE5A0 /* DatabaseHelper.m */; };
		957768281D2CF524006FE5A0 /* FMDatabase.m in Sources */ = {isa = PBXBuildFile; fileRef = 957767EE1D2CF524006FE5A0 /* FMDatabase.m */; };
		957768291D2CF524006FE5A0 /* FMDatabaseAdditions.m in Sources */ = {isa = PBXBuildFile; fileRef = 957767F01D2CF524006FE5A0 /* FMDatabaseAdditions.m */; };
		9577682A1D2CF524006FE5A0 /* FMDatabasePool.m in Sources */ = {isa = PBXBuildFile; fileRef = 957767F21D2CF524006FE5A0 /* FMDatabasePool.m */; };
		9577682B1D2CF524006FE5A0 /* FMDatabaseQueue.m in Sources */ = {isa = PBXBuildFile; fileRef = 957767F41D2CF524006FE5A0 /* FMDatabaseQueue.m */; };
		9577682C1D2CF524006FE5A0 /* fmdb.m in Sources */ = {isa = PBXBuildFile; fileRef = 957767F51D2CF524006FE5A0 /* fmdb.m */; };
		9577682D1D2CF524006FE5A0 /* FMResultSet.m in Sources */ = {isa = PBXBuildFile; fileRef = 957767F71D2CF524006FE5A0 /* FMResultSet.m */; };
		9577682E1D2CF524006FE5A0 /* KeyboardHelper.m in Sources */ = {isa = PBXBuildFile; fileRef = 957767F91D2CF524006FE5A0 /* KeyboardHelper.m */; };
		9577682F1D2CF524006FE5A0 /* CGPDFDocument.m in Sources */ = {isa = PBXBuildFile; fileRef = 957767FC1D2CF524006FE5A0 /* CGPDFDocument.m */; };
		957768301D2CF524006FE5A0 /* ReaderConstants.m in Sources */ = {isa = PBXBuildFile; fileRef = 957767FE1D2CF524006FE5A0 /* ReaderConstants.m */; };
		957768311D2CF524006FE5A0 /* ReaderContentPage.m in Sources */ = {isa = PBXBuildFile; fileRef = 957768001D2CF524006FE5A0 /* ReaderContentPage.m */; };
		957768321D2CF524006FE5A0 /* ReaderContentTile.m in Sources */ = {isa = PBXBuildFile; fileRef = 957768021D2CF524006FE5A0 /* ReaderContentTile.m */; };
		957768331D2CF524006FE5A0 /* ReaderContentView.m in Sources */ = {isa = PBXBuildFile; fileRef = 957768041D2CF524006FE5A0 /* ReaderContentView.m */; };
		957768341D2CF524006FE5A0 /* ReaderDocument.m in Sources */ = {isa = PBXBuildFile; fileRef = 957768061D2CF524006FE5A0 /* ReaderDocument.m */; };
		957768351D2CF524006FE5A0 /* ReaderDocumentOutline.m in Sources */ = {isa = PBXBuildFile; fileRef = 957768081D2CF524006FE5A0 /* ReaderDocumentOutline.m */; };
		957768361D2CF524006FE5A0 /* ReaderMainPagebar.m in Sources */ = {isa = PBXBuildFile; fileRef = 9577680A1D2CF524006FE5A0 /* ReaderMainPagebar.m */; };
		957768371D2CF524006FE5A0 /* ReaderMainToolbar.m in Sources */ = {isa = PBXBuildFile; fileRef = 9577680C1D2CF524006FE5A0 /* ReaderMainToolbar.m */; };
		957768381D2CF524006FE5A0 /* ReaderThumbCache.m in Sources */ = {isa = PBXBuildFile; fileRef = 9577680E1D2CF524006FE5A0 /* ReaderThumbCache.m */; };
		957768391D2CF524006FE5A0 /* ReaderThumbFetch.m in Sources */ = {isa = PBXBuildFile; fileRef = 957768101D2CF524006FE5A0 /* ReaderThumbFetch.m */; };
		9577683A1D2CF524006FE5A0 /* ReaderThumbQueue.m in Sources */ = {isa = PBXBuildFile; fileRef = 957768121D2CF524006FE5A0 /* ReaderThumbQueue.m */; };
		9577683B1D2CF524006FE5A0 /* ReaderThumbRender.m in Sources */ = {isa = PBXBuildFile; fileRef = 957768141D2CF524006FE5A0 /* ReaderThumbRender.m */; };
		9577683C1D2CF524006FE5A0 /* ReaderThumbRequest.m in Sources */ = {isa = PBXBuildFile; fileRef = 957768161D2CF524006FE5A0 /* ReaderThumbRequest.m */; };
		9577683D1D2CF524006FE5A0 /* ReaderThumbsView.m in Sources */ = {isa = PBXBuildFile; fileRef = 957768181D2CF524006FE5A0 /* ReaderThumbsView.m */; };
		9577683E1D2CF524006FE5A0 /* ReaderThumbView.m in Sources */ = {isa = PBXBuildFile; fileRef = 9577681A1D2CF524006FE5A0 /* ReaderThumbView.m */; };
		9577683F1D2CF524006FE5A0 /* ReaderViewController.m in Sources */ = {isa = PBXBuildFile; fileRef = 9577681C1D2CF524006FE5A0 /* ReaderViewController.m */; };
		957768401D2CF524006FE5A0 /* ThumbsMainToolbar.m in Sources */ = {isa = PBXBuildFile; fileRef = 9577681E1D2CF524006FE5A0 /* ThumbsMainToolbar.m */; };
		957768411D2CF524006FE5A0 /* ThumbsViewController.m in Sources */ = {isa = PBXBuildFile; fileRef = 957768201D2CF524006FE5A0 /* ThumbsViewController.m */; };
		957768421D2CF524006FE5A0 /* UIXToolbarView.m in Sources */ = {isa = PBXBuildFile; fileRef = 957768221D2CF524006FE5A0 /* UIXToolbarView.m */; };
		957768431D2CF524006FE5A0 /* Reachability.m in Sources */ = {isa = PBXBuildFile; fileRef = 957768241D2CF524006FE5A0 /* Reachability.m */; };
		957768451D2D03BE006FE5A0 /* libsqlite3.tbd in Frameworks */ = {isa = PBXBuildFile; fileRef = 957768441D2D03BE006FE5A0 /* libsqlite3.tbd */; };
		9577684A1D2D06B7006FE5A0 /* HomeVC.m in Sources */ = {isa = PBXBuildFile; fileRef = 957768491D2D06B7006FE5A0 /* HomeVC.m */; };
		957768551D2D173F006FE5A0 /* SBSQueryMasterVC.m in Sources */ = {isa = PBXBuildFile; fileRef = 957768541D2D173F006FE5A0 /* SBSQueryMasterVC.m */; };
		B616041C1D3EA5C30061C382 /* SBSApiDataManager.m in Sources */ = {isa = PBXBuildFile; fileRef = B616041B1D3EA5C30061C382 /* SBSApiDataManager.m */; };
		B61604221D3EA6F50061C382 /* SBSCityModel.m in Sources */ = {isa = PBXBuildFile; fileRef = B61604211D3EA6F50061C382 /* SBSCityModel.m */; };
		B61604251D3EA9120061C382 /* SBSCityData.m in Sources */ = {isa = PBXBuildFile; fileRef = B61604241D3EA9120061C382 /* SBSCityData.m */; };
		B61604281D3EAE830061C382 /* SBSSyncroData.m in Sources */ = {isa = PBXBuildFile; fileRef = B61604271D3EAE830061C382 /* SBSSyncroData.m */; };
		B6308A731D6E21ED00316EFE /* SBSAnswerModel.m in Sources */ = {isa = PBXBuildFile; fileRef = B6308A721D6E21ED00316EFE /* SBSAnswerModel.m */; };
		B6308A761D6E249800316EFE /* SBSAnswerData.m in Sources */ = {isa = PBXBuildFile; fileRef = B6308A751D6E249800316EFE /* SBSAnswerData.m */; };
		B66748F21D5202B000BC5750 /* 5655-close-up-of-an-isolated-sunflower-pv.jpg in Resources */ = {isa = PBXBuildFile; fileRef = B66748EE1D5202B000BC5750 /* 5655-close-up-of-an-isolated-sunflower-pv.jpg */; };
		B66748F41D5202B000BC5750 /* 9536-a-strawberry-splashing-in-water-or.jpg in Resources */ = {isa = PBXBuildFile; fileRef = B66748F01D5202B000BC5750 /* 9536-a-strawberry-splashing-in-water-or.jpg */; };
		B66748F71D5203D500BC5750 /* 6957-illustration-of-a-city-skyline-or.png in Resources */ = {isa = PBXBuildFile; fileRef = B66748F61D5203D500BC5750 /* 6957-illustration-of-a-city-skyline-or.png */; };
		B66748F91D52046200BC5750 /* 6957-illustration-of-a-city-skyline-or@2x.png in Resources */ = {isa = PBXBuildFile; fileRef = B66748F81D52046200BC5750 /* 6957-illustration-of-a-city-skyline-or@2x.png */; };
		B670283A1D5262E600D911DA /* 15360-illustration-of-city-buildings-in-melbourne-australia-or-resize.png in Resources */ = {isa = PBXBuildFile; fileRef = B67028381D5262E600D911DA /* 15360-illustration-of-city-buildings-in-melbourne-australia-or-resize.png */; };
		B670283B1D5262E600D911DA /* 15360-illustration-of-city-buildings-in-melbourne-australia-or-resize@2x.png in Resources */ = {isa = PBXBuildFile; fileRef = B67028391D5262E600D911DA /* 15360-illustration-of-city-buildings-in-melbourne-australia-or-resize@2x.png */; };
		B68053E51D47853F0023DBFC /* SBSSlideBaseVC.m in Sources */ = {isa = PBXBuildFile; fileRef = B68053E41D47853F0023DBFC /* SBSSlideBaseVC.m */; };
		B68053EE1D47DE670023DBFC /* SBSSlide1Query1VC.m in Sources */ = {isa = PBXBuildFile; fileRef = B68053EC1D47DE670023DBFC /* SBSSlide1Query1VC.m */; };
		B68053EF1D47DE670023DBFC /* SBSSlide1Query1VC.xib in Resources */ = {isa = PBXBuildFile; fileRef = B68053ED1D47DE670023DBFC /* SBSSlide1Query1VC.xib */; };
		B68053F31D47DEF40023DBFC /* SBSSlide2Query1VC.m in Sources */ = {isa = PBXBuildFile; fileRef = B68053F11D47DEF40023DBFC /* SBSSlide2Query1VC.m */; };
		B68053F41D47DEF40023DBFC /* SBSSlide2Query1VC.xib in Resources */ = {isa = PBXBuildFile; fileRef = B68053F21D47DEF40023DBFC /* SBSSlide2Query1VC.xib */; };
		B6AD9B721D841C01008C8CA5 /* SBSStats2AnswVC.m in Sources */ = {isa = PBXBuildFile; fileRef = B6AD9B701D841C01008C8CA5 /* SBSStats2AnswVC.m */; };
		B6AD9B731D841C01008C8CA5 /* SBSStats2AnswVC.xib in Resources */ = {isa = PBXBuildFile; fileRef = B6AD9B711D841C01008C8CA5 /* SBSStats2AnswVC.xib */; };
		B6AD9B771D841C65008C8CA5 /* SBSStats3AnswVC.m in Sources */ = {isa = PBXBuildFile; fileRef = B6AD9B751D841C65008C8CA5 /* SBSStats3AnswVC.m */; };
		B6AD9B781D841C65008C8CA5 /* SBSStats3AnswVC.xib in Resources */ = {isa = PBXBuildFile; fileRef = B6AD9B761D841C65008C8CA5 /* SBSStats3AnswVC.xib */; };
		B6AD9B7C1D841C9D008C8CA5 /* SBSStats4AnswVC.m in Sources */ = {isa = PBXBuildFile; fileRef = B6AD9B7A1D841C9D008C8CA5 /* SBSStats4AnswVC.m */; };
		B6AD9B7D1D841C9D008C8CA5 /* SBSStats4AnswVC.xib in Resources */ = {isa = PBXBuildFile; fileRef = B6AD9B7B1D841C9D008C8CA5 /* SBSStats4AnswVC.xib */; };
		B6AD9B811D841CD1008C8CA5 /* SBSStats6AnswVC.m in Sources */ = {isa = PBXBuildFile; fileRef = B6AD9B7F1D841CD1008C8CA5 /* SBSStats6AnswVC.m */; };
		B6AD9B821D841CD1008C8CA5 /* SBSStats6AnswVC.xib in Resources */ = {isa = PBXBuildFile; fileRef = B6AD9B801D841CD1008C8CA5 /* SBSStats6AnswVC.xib */; };
		B6AD9B851D84289A008C8CA5 /* SBSStatsBaseVC.m in Sources */ = {isa = PBXBuildFile; fileRef = B6AD9B841D84289A008C8CA5 /* SBSStatsBaseVC.m */; };
		B6CC87931D588C190016EE34 /* back-home-btn.png in Resources */ = {isa = PBXBuildFile; fileRef = B6CC87911D588C190016EE34 /* back-home-btn.png */; };
		B6CC87941D588C190016EE34 /* back-home-btn@2x.png in Resources */ = {isa = PBXBuildFile; fileRef = B6CC87921D588C190016EE34 /* back-home-btn@2x.png */; };
		B6D1916C1D50AE9500A88162 /* SBSSlide3Query1VC.m in Sources */ = {isa = PBXBuildFile; fileRef = B6D1916A1D50AE9500A88162 /* SBSSlide3Query1VC.m */; };
		B6D1916D1D50AE9500A88162 /* SBSSlide3Query1VC.xib in Resources */ = {isa = PBXBuildFile; fileRef = B6D1916B1D50AE9500A88162 /* SBSSlide3Query1VC.xib */; };
		B6D191711D50AFAA00A88162 /* SBSSlide4Query1VC.m in Sources */ = {isa = PBXBuildFile; fileRef = B6D1916F1D50AFAA00A88162 /* SBSSlide4Query1VC.m */; };
		B6D191721D50AFAA00A88162 /* SBSSlide4Query1VC.xib in Resources */ = {isa = PBXBuildFile; fileRef = B6D191701D50AFAA00A88162 /* SBSSlide4Query1VC.xib */; };
		B6D191771D50B3E700A88162 /* SBSSlide1Query2VC.m in Sources */ = {isa = PBXBuildFile; fileRef = B6D191751D50B3E700A88162 /* SBSSlide1Query2VC.m */; };
		B6D191781D50B3E700A88162 /* SBSSlide1Query2VC.xib in Resources */ = {isa = PBXBuildFile; fileRef = B6D191761D50B3E700A88162 /* SBSSlide1Query2VC.xib */; };
		B6D1917C1D50B55000A88162 /* SBSSlide2Query2VC.m in Sources */ = {isa = PBXBuildFile; fileRef = B6D1917A1D50B55000A88162 /* SBSSlide2Query2VC.m */; };
		B6D1917D1D50B55000A88162 /* SBSSlide2Query2VC.xib in Resources */ = {isa = PBXBuildFile; fileRef = B6D1917B1D50B55000A88162 /* SBSSlide2Query2VC.xib */; };
		B6D191811D50B5CD00A88162 /* SBSSlide3Query2VC.m in Sources */ = {isa = PBXBuildFile; fileRef = B6D1917F1D50B5CD00A88162 /* SBSSlide3Query2VC.m */; };
		B6D191821D50B5CD00A88162 /* SBSSlide3Query2VC.xib in Resources */ = {isa = PBXBuildFile; fileRef = B6D191801D50B5CD00A88162 /* SBSSlide3Query2VC.xib */; };
		B6E6BC4E1D3FD64B004E5D1B /* SBSSessionActivityModel.m in Sources */ = {isa = PBXBuildFile; fileRef = B6E6BC4D1D3FD64B004E5D1B /* SBSSessionActivityModel.m */; };
/* End PBXBuildFile section */

/* Begin PBXContainerItemProxy section */
		957767D41D2CF3B1006FE5A0 /* PBXContainerItemProxy */ = {
			isa = PBXContainerItemProxy;
			containerPortal = 957767B21D2CF3B0006FE5A0 /* Project object */;
			proxyType = 1;
			remoteGlobalIDString = 957767B91D2CF3B0006FE5A0;
			remoteInfo = QueryCollector;
		};
/* End PBXContainerItemProxy section */

/* Begin PBXFileReference section */
		955BFF271D81BCE20082999B /* SBSStaticsScrollVC.h */ = {isa = PBXFileReference; fileEncoding = 4; lastKnownFileType = sourcecode.c.h; path = SBSStaticsScrollVC.h; sourceTree = "<group>"; };
		955BFF281D81BCE20082999B /* SBSStaticsScrollVC.m */ = {isa = PBXFileReference; fileEncoding = 4; lastKnownFileType = sourcecode.c.objc; path = SBSStaticsScrollVC.m; sourceTree = "<group>"; };
		955BFF291D81BCE20082999B /* SBSStaticsScrollVC.xib */ = {isa = PBXFileReference; fileEncoding = 4; lastKnownFileType = file.xib; path = SBSStaticsScrollVC.xib; sourceTree = "<group>"; };
		957767BA1D2CF3B0006FE5A0 /* QueryCollector.app */ = {isa = PBXFileReference; explicitFileType = wrapper.application; includeInIndex = 0; path = QueryCollector.app; sourceTree = BUILT_PRODUCTS_DIR; };
		957767BE1D2CF3B1006FE5A0 /* main.m */ = {isa = PBXFileReference; lastKnownFileType = sourcecode.c.objc; path = main.m; sourceTree = "<group>"; };
		957767C01D2CF3B1006FE5A0 /* AppDelegate.h */ = {isa = PBXFileReference; lastKnownFileType = sourcecode.c.h; path = AppDelegate.h; sourceTree = "<group>"; };
		957767C11D2CF3B1006FE5A0 /* AppDelegate.m */ = {isa = PBXFileReference; lastKnownFileType = sourcecode.c.objc; path = AppDelegate.m; sourceTree = "<group>"; };
		957767C71D2CF3B1006FE5A0 /* Base */ = {isa = PBXFileReference; lastKnownFileType = file.storyboard; name = Base; path = Base.lproj/Main.storyboard; sourceTree = "<group>"; };
		957767C91D2CF3B1006FE5A0 /* Assets.xcassets */ = {isa = PBXFileReference; lastKnownFileType = folder.assetcatalog; path = Assets.xcassets; sourceTree = "<group>"; };
		957767CC1D2CF3B1006FE5A0 /* Base */ = {isa = PBXFileReference; lastKnownFileType = file.storyboard; name = Base; path = Base.lproj/LaunchScreen.storyboard; sourceTree = "<group>"; };
		957767CE1D2CF3B1006FE5A0 /* Info.plist */ = {isa = PBXFileReference; lastKnownFileType = text.plist.xml; path = Info.plist; sourceTree = "<group>"; };
		957767D31D2CF3B1006FE5A0 /* QueryCollectorUITests.xctest */ = {isa = PBXFileReference; explicitFileType = wrapper.cfbundle; includeInIndex = 0; path = QueryCollectorUITests.xctest; sourceTree = BUILT_PRODUCTS_DIR; };
		957767D71D2CF3B1006FE5A0 /* QueryCollectorUITests.m */ = {isa = PBXFileReference; lastKnownFileType = sourcecode.c.objc; path = QueryCollectorUITests.m; sourceTree = "<group>"; };
		957767D91D2CF3B1006FE5A0 /* Info.plist */ = {isa = PBXFileReference; lastKnownFileType = text.plist.xml; path = Info.plist; sourceTree = "<group>"; };
		957767E41D2CF524006FE5A0 /* Defines.h */ = {isa = PBXFileReference; fileEncoding = 4; lastKnownFileType = sourcecode.c.h; path = Defines.h; sourceTree = "<group>"; };
		957767E51D2CF524006FE5A0 /* UIView+Animations.h */ = {isa = PBXFileReference; fileEncoding = 4; lastKnownFileType = sourcecode.c.h; path = "UIView+Animations.h"; sourceTree = "<group>"; };
		957767E61D2CF524006FE5A0 /* UIView+Animations.m */ = {isa = PBXFileReference; fileEncoding = 4; lastKnownFileType = sourcecode.c.objc; path = "UIView+Animations.m"; sourceTree = "<group>"; };
		957767E81D2CF524006FE5A0 /* DatabaseAccess.h */ = {isa = PBXFileReference; fileEncoding = 4; lastKnownFileType = sourcecode.c.h; path = DatabaseAccess.h; sourceTree = "<group>"; };
		957767E91D2CF524006FE5A0 /* DatabaseAccess.m */ = {isa = PBXFileReference; fileEncoding = 4; lastKnownFileType = sourcecode.c.objc; path = DatabaseAccess.m; sourceTree = "<group>"; };
		957767EA1D2CF524006FE5A0 /* DatabaseHelper.h */ = {isa = PBXFileReference; fileEncoding = 4; lastKnownFileType = sourcecode.c.h; path = DatabaseHelper.h; sourceTree = "<group>"; };
		957767EB1D2CF524006FE5A0 /* DatabaseHelper.m */ = {isa = PBXFileReference; fileEncoding = 4; lastKnownFileType = sourcecode.c.objc; path = DatabaseHelper.m; sourceTree = "<group>"; };
		957767ED1D2CF524006FE5A0 /* FMDatabase.h */ = {isa = PBXFileReference; fileEncoding = 4; lastKnownFileType = sourcecode.c.h; path = FMDatabase.h; sourceTree = "<group>"; };
		957767EE1D2CF524006FE5A0 /* FMDatabase.m */ = {isa = PBXFileReference; fileEncoding = 4; lastKnownFileType = sourcecode.c.objc; path = FMDatabase.m; sourceTree = "<group>"; };
		957767EF1D2CF524006FE5A0 /* FMDatabaseAdditions.h */ = {isa = PBXFileReference; fileEncoding = 4; lastKnownFileType = sourcecode.c.h; path = FMDatabaseAdditions.h; sourceTree = "<group>"; };
		957767F01D2CF524006FE5A0 /* FMDatabaseAdditions.m */ = {isa = PBXFileReference; fileEncoding = 4; lastKnownFileType = sourcecode.c.objc; path = FMDatabaseAdditions.m; sourceTree = "<group>"; };
		957767F11D2CF524006FE5A0 /* FMDatabasePool.h */ = {isa = PBXFileReference; fileEncoding = 4; lastKnownFileType = sourcecode.c.h; path = FMDatabasePool.h; sourceTree = "<group>"; };
		957767F21D2CF524006FE5A0 /* FMDatabasePool.m */ = {isa = PBXFileReference; fileEncoding = 4; lastKnownFileType = sourcecode.c.objc; path = FMDatabasePool.m; sourceTree = "<group>"; };
		957767F31D2CF524006FE5A0 /* FMDatabaseQueue.h */ = {isa = PBXFileReference; fileEncoding = 4; lastKnownFileType = sourcecode.c.h; path = FMDatabaseQueue.h; sourceTree = "<group>"; };
		957767F41D2CF524006FE5A0 /* FMDatabaseQueue.m */ = {isa = PBXFileReference; fileEncoding = 4; lastKnownFileType = sourcecode.c.objc; path = FMDatabaseQueue.m; sourceTree = "<group>"; };
		957767F51D2CF524006FE5A0 /* fmdb.m */ = {isa = PBXFileReference; fileEncoding = 4; lastKnownFileType = sourcecode.c.objc; path = fmdb.m; sourceTree = "<group>"; };
		957767F61D2CF524006FE5A0 /* FMResultSet.h */ = {isa = PBXFileReference; fileEncoding = 4; lastKnownFileType = sourcecode.c.h; path = FMResultSet.h; sourceTree = "<group>"; };
		957767F71D2CF524006FE5A0 /* FMResultSet.m */ = {isa = PBXFileReference; fileEncoding = 4; lastKnownFileType = sourcecode.c.objc; path = FMResultSet.m; sourceTree = "<group>"; };
		957767F81D2CF524006FE5A0 /* KeyboardHelper.h */ = {isa = PBXFileReference; fileEncoding = 4; lastKnownFileType = sourcecode.c.h; path = KeyboardHelper.h; sourceTree = "<group>"; };
		957767F91D2CF524006FE5A0 /* KeyboardHelper.m */ = {isa = PBXFileReference; fileEncoding = 4; lastKnownFileType = sourcecode.c.objc; path = KeyboardHelper.m; sourceTree = "<group>"; };
		957767FB1D2CF524006FE5A0 /* CGPDFDocument.h */ = {isa = PBXFileReference; fileEncoding = 4; lastKnownFileType = sourcecode.c.h; path = CGPDFDocument.h; sourceTree = "<group>"; };
		957767FC1D2CF524006FE5A0 /* CGPDFDocument.m */ = {isa = PBXFileReference; fileEncoding = 4; lastKnownFileType = sourcecode.c.objc; path = CGPDFDocument.m; sourceTree = "<group>"; };
		957767FD1D2CF524006FE5A0 /* ReaderConstants.h */ = {isa = PBXFileReference; fileEncoding = 4; lastKnownFileType = sourcecode.c.h; path = ReaderConstants.h; sourceTree = "<group>"; };
		957767FE1D2CF524006FE5A0 /* ReaderConstants.m */ = {isa = PBXFileReference; fileEncoding = 4; lastKnownFileType = sourcecode.c.objc; path = ReaderConstants.m; sourceTree = "<group>"; };
		957767FF1D2CF524006FE5A0 /* ReaderContentPage.h */ = {isa = PBXFileReference; fileEncoding = 4; lastKnownFileType = sourcecode.c.h; path = ReaderContentPage.h; sourceTree = "<group>"; };
		957768001D2CF524006FE5A0 /* ReaderContentPage.m */ = {isa = PBXFileReference; fileEncoding = 4; lastKnownFileType = sourcecode.c.objc; path = ReaderContentPage.m; sourceTree = "<group>"; };
		957768011D2CF524006FE5A0 /* ReaderContentTile.h */ = {isa = PBXFileReference; fileEncoding = 4; lastKnownFileType = sourcecode.c.h; path = ReaderContentTile.h; sourceTree = "<group>"; };
		957768021D2CF524006FE5A0 /* ReaderContentTile.m */ = {isa = PBXFileReference; fileEncoding = 4; lastKnownFileType = sourcecode.c.objc; path = ReaderContentTile.m; sourceTree = "<group>"; };
		957768031D2CF524006FE5A0 /* ReaderContentView.h */ = {isa = PBXFileReference; fileEncoding = 4; lastKnownFileType = sourcecode.c.h; path = ReaderContentView.h; sourceTree = "<group>"; };
		957768041D2CF524006FE5A0 /* ReaderContentView.m */ = {isa = PBXFileReference; fileEncoding = 4; lastKnownFileType = sourcecode.c.objc; path = ReaderContentView.m; sourceTree = "<group>"; };
		957768051D2CF524006FE5A0 /* ReaderDocument.h */ = {isa = PBXFileReference; fileEncoding = 4; lastKnownFileType = sourcecode.c.h; path = ReaderDocument.h; sourceTree = "<group>"; };
		957768061D2CF524006FE5A0 /* ReaderDocument.m */ = {isa = PBXFileReference; fileEncoding = 4; lastKnownFileType = sourcecode.c.objc; path = ReaderDocument.m; sourceTree = "<group>"; };
		957768071D2CF524006FE5A0 /* ReaderDocumentOutline.h */ = {isa = PBXFileReference; fileEncoding = 4; lastKnownFileType = sourcecode.c.h; path = ReaderDocumentOutline.h; sourceTree = "<group>"; };
		957768081D2CF524006FE5A0 /* ReaderDocumentOutline.m */ = {isa = PBXFileReference; fileEncoding = 4; lastKnownFileType = sourcecode.c.objc; path = ReaderDocumentOutline.m; sourceTree = "<group>"; };
		957768091D2CF524006FE5A0 /* ReaderMainPagebar.h */ = {isa = PBXFileReference; fileEncoding = 4; lastKnownFileType = sourcecode.c.h; path = ReaderMainPagebar.h; sourceTree = "<group>"; };
		9577680A1D2CF524006FE5A0 /* ReaderMainPagebar.m */ = {isa = PBXFileReference; fileEncoding = 4; lastKnownFileType = sourcecode.c.objc; path = ReaderMainPagebar.m; sourceTree = "<group>"; };
		9577680B1D2CF524006FE5A0 /* ReaderMainToolbar.h */ = {isa = PBXFileReference; fileEncoding = 4; lastKnownFileType = sourcecode.c.h; path = ReaderMainToolbar.h; sourceTree = "<group>"; };
		9577680C1D2CF524006FE5A0 /* ReaderMainToolbar.m */ = {isa = PBXFileReference; fileEncoding = 4; lastKnownFileType = sourcecode.c.objc; path = ReaderMainToolbar.m; sourceTree = "<group>"; };
		9577680D1D2CF524006FE5A0 /* ReaderThumbCache.h */ = {isa = PBXFileReference; fileEncoding = 4; lastKnownFileType = sourcecode.c.h; path = ReaderThumbCache.h; sourceTree = "<group>"; };
		9577680E1D2CF524006FE5A0 /* ReaderThumbCache.m */ = {isa = PBXFileReference; fileEncoding = 4; lastKnownFileType = sourcecode.c.objc; path = ReaderThumbCache.m; sourceTree = "<group>"; };
		9577680F1D2CF524006FE5A0 /* ReaderThumbFetch.h */ = {isa = PBXFileReference; fileEncoding = 4; lastKnownFileType = sourcecode.c.h; path = ReaderThumbFetch.h; sourceTree = "<group>"; };
		957768101D2CF524006FE5A0 /* ReaderThumbFetch.m */ = {isa = PBXFileReference; fileEncoding = 4; lastKnownFileType = sourcecode.c.objc; path = ReaderThumbFetch.m; sourceTree = "<group>"; };
		957768111D2CF524006FE5A0 /* ReaderThumbQueue.h */ = {isa = PBXFileReference; fileEncoding = 4; lastKnownFileType = sourcecode.c.h; path = ReaderThumbQueue.h; sourceTree = "<group>"; };
		957768121D2CF524006FE5A0 /* ReaderThumbQueue.m */ = {isa = PBXFileReference; fileEncoding = 4; lastKnownFileType = sourcecode.c.objc; path = ReaderThumbQueue.m; sourceTree = "<group>"; };
		957768131D2CF524006FE5A0 /* ReaderThumbRender.h */ = {isa = PBXFileReference; fileEncoding = 4; lastKnownFileType = sourcecode.c.h; path = ReaderThumbRender.h; sourceTree = "<group>"; };
		957768141D2CF524006FE5A0 /* ReaderThumbRender.m */ = {isa = PBXFileReference; fileEncoding = 4; lastKnownFileType = sourcecode.c.objc; path = ReaderThumbRender.m; sourceTree = "<group>"; };
		957768151D2CF524006FE5A0 /* ReaderThumbRequest.h */ = {isa = PBXFileReference; fileEncoding = 4; lastKnownFileType = sourcecode.c.h; path = ReaderThumbRequest.h; sourceTree = "<group>"; };
		957768161D2CF524006FE5A0 /* ReaderThumbRequest.m */ = {isa = PBXFileReference; fileEncoding = 4; lastKnownFileType = sourcecode.c.objc; path = ReaderThumbRequest.m; sourceTree = "<group>"; };
		957768171D2CF524006FE5A0 /* ReaderThumbsView.h */ = {isa = PBXFileReference; fileEncoding = 4; lastKnownFileType = sourcecode.c.h; path = ReaderThumbsView.h; sourceTree = "<group>"; };
		957768181D2CF524006FE5A0 /* ReaderThumbsView.m */ = {isa = PBXFileReference; fileEncoding = 4; lastKnownFileType = sourcecode.c.objc; path = ReaderThumbsView.m; sourceTree = "<group>"; };
		957768191D2CF524006FE5A0 /* ReaderThumbView.h */ = {isa = PBXFileReference; fileEncoding = 4; lastKnownFileType = sourcecode.c.h; path = ReaderThumbView.h; sourceTree = "<group>"; };
		9577681A1D2CF524006FE5A0 /* ReaderThumbView.m */ = {isa = PBXFileReference; fileEncoding = 4; lastKnownFileType = sourcecode.c.objc; path = ReaderThumbView.m; sourceTree = "<group>"; };
		9577681B1D2CF524006FE5A0 /* ReaderViewController.h */ = {isa = PBXFileReference; fileEncoding = 4; lastKnownFileType = sourcecode.c.h; path = ReaderViewController.h; sourceTree = "<group>"; };
		9577681C1D2CF524006FE5A0 /* ReaderViewController.m */ = {isa = PBXFileReference; fileEncoding = 4; lastKnownFileType = sourcecode.c.objc; path = ReaderViewController.m; sourceTree = "<group>"; };
		9577681D1D2CF524006FE5A0 /* ThumbsMainToolbar.h */ = {isa = PBXFileReference; fileEncoding = 4; lastKnownFileType = sourcecode.c.h; path = ThumbsMainToolbar.h; sourceTree = "<group>"; };
		9577681E1D2CF524006FE5A0 /* ThumbsMainToolbar.m */ = {isa = PBXFileReference; fileEncoding = 4; lastKnownFileType = sourcecode.c.objc; path = ThumbsMainToolbar.m; sourceTree = "<group>"; };
		9577681F1D2CF524006FE5A0 /* ThumbsViewController.h */ = {isa = PBXFileReference; fileEncoding = 4; lastKnownFileType = sourcecode.c.h; path = ThumbsViewController.h; sourceTree = "<group>"; };
		957768201D2CF524006FE5A0 /* ThumbsViewController.m */ = {isa = PBXFileReference; fileEncoding = 4; lastKnownFileType = sourcecode.c.objc; path = ThumbsViewController.m; sourceTree = "<group>"; };
		957768211D2CF524006FE5A0 /* UIXToolbarView.h */ = {isa = PBXFileReference; fileEncoding = 4; lastKnownFileType = sourcecode.c.h; path = UIXToolbarView.h; sourceTree = "<group>"; };
		957768221D2CF524006FE5A0 /* UIXToolbarView.m */ = {isa = PBXFileReference; fileEncoding = 4; lastKnownFileType = sourcecode.c.objc; path = UIXToolbarView.m; sourceTree = "<group>"; };
		957768231D2CF524006FE5A0 /* Reachability.h */ = {isa = PBXFileReference; fileEncoding = 4; lastKnownFileType = sourcecode.c.h; path = Reachability.h; sourceTree = "<group>"; };
		957768241D2CF524006FE5A0 /* Reachability.m */ = {isa = PBXFileReference; fileEncoding = 4; lastKnownFileType = sourcecode.c.objc; path = Reachability.m; sourceTree = "<group>"; };
		957768441D2D03BE006FE5A0 /* libsqlite3.tbd */ = {isa = PBXFileReference; lastKnownFileType = "sourcecode.text-based-dylib-definition"; name = libsqlite3.tbd; path = usr/lib/libsqlite3.tbd; sourceTree = SDKROOT; };
		957768481D2D06B7006FE5A0 /* HomeVC.h */ = {isa = PBXFileReference; fileEncoding = 4; lastKnownFileType = sourcecode.c.h; path = HomeVC.h; sourceTree = "<group>"; };
		957768491D2D06B7006FE5A0 /* HomeVC.m */ = {isa = PBXFileReference; fileEncoding = 4; lastKnownFileType = sourcecode.c.objc; path = HomeVC.m; sourceTree = "<group>"; };
		957768531D2D173F006FE5A0 /* SBSQueryMasterVC.h */ = {isa = PBXFileReference; fileEncoding = 4; lastKnownFileType = sourcecode.c.h; path = SBSQueryMasterVC.h; sourceTree = "<group>"; };
		957768541D2D173F006FE5A0 /* SBSQueryMasterVC.m */ = {isa = PBXFileReference; fileEncoding = 4; lastKnownFileType = sourcecode.c.objc; path = SBSQueryMasterVC.m; sourceTree = "<group>"; };
		B616041A1D3EA5C30061C382 /* SBSApiDataManager.h */ = {isa = PBXFileReference; fileEncoding = 4; lastKnownFileType = sourcecode.c.h; path = SBSApiDataManager.h; sourceTree = "<group>"; };
		B616041B1D3EA5C30061C382 /* SBSApiDataManager.m */ = {isa = PBXFileReference; fileEncoding = 4; lastKnownFileType = sourcecode.c.objc; path = SBSApiDataManager.m; sourceTree = "<group>"; };
		B61604201D3EA6F50061C382 /* SBSCityModel.h */ = {isa = PBXFileReference; fileEncoding = 4; lastKnownFileType = sourcecode.c.h; path = SBSCityModel.h; sourceTree = "<group>"; };
		B61604211D3EA6F50061C382 /* SBSCityModel.m */ = {isa = PBXFileReference; fileEncoding = 4; lastKnownFileType = sourcecode.c.objc; path = SBSCityModel.m; sourceTree = "<group>"; };
		B61604231D3EA9120061C382 /* SBSCityData.h */ = {isa = PBXFileReference; fileEncoding = 4; lastKnownFileType = sourcecode.c.h; path = SBSCityData.h; sourceTree = "<group>"; };
		B61604241D3EA9120061C382 /* SBSCityData.m */ = {isa = PBXFileReference; fileEncoding = 4; lastKnownFileType = sourcecode.c.objc; path = SBSCityData.m; sourceTree = "<group>"; };
		B61604261D3EAE830061C382 /* SBSSyncroData.h */ = {isa = PBXFileReference; fileEncoding = 4; lastKnownFileType = sourcecode.c.h; path = SBSSyncroData.h; sourceTree = "<group>"; };
		B61604271D3EAE830061C382 /* SBSSyncroData.m */ = {isa = PBXFileReference; fileEncoding = 4; lastKnownFileType = sourcecode.c.objc; path = SBSSyncroData.m; sourceTree = "<group>"; };
		B6308A711D6E21ED00316EFE /* SBSAnswerModel.h */ = {isa = PBXFileReference; fileEncoding = 4; lastKnownFileType = sourcecode.c.h; path = SBSAnswerModel.h; sourceTree = "<group>"; };
		B6308A721D6E21ED00316EFE /* SBSAnswerModel.m */ = {isa = PBXFileReference; fileEncoding = 4; lastKnownFileType = sourcecode.c.objc; path = SBSAnswerModel.m; sourceTree = "<group>"; };
		B6308A741D6E249800316EFE /* SBSAnswerData.h */ = {isa = PBXFileReference; fileEncoding = 4; lastKnownFileType = sourcecode.c.h; path = SBSAnswerData.h; sourceTree = "<group>"; };
		B6308A751D6E249800316EFE /* SBSAnswerData.m */ = {isa = PBXFileReference; fileEncoding = 4; lastKnownFileType = sourcecode.c.objc; path = SBSAnswerData.m; sourceTree = "<group>"; };
		B66748EE1D5202B000BC5750 /* 5655-close-up-of-an-isolated-sunflower-pv.jpg */ = {isa = PBXFileReference; lastKnownFileType = image.jpeg; path = "5655-close-up-of-an-isolated-sunflower-pv.jpg"; sourceTree = "<group>"; };
		B66748F01D5202B000BC5750 /* 9536-a-strawberry-splashing-in-water-or.jpg */ = {isa = PBXFileReference; lastKnownFileType = image.jpeg; path = "9536-a-strawberry-splashing-in-water-or.jpg"; sourceTree = "<group>"; };
		B66748F61D5203D500BC5750 /* 6957-illustration-of-a-city-skyline-or.png */ = {isa = PBXFileReference; lastKnownFileType = image.png; path = "6957-illustration-of-a-city-skyline-or.png"; sourceTree = "<group>"; };
		B66748F81D52046200BC5750 /* 6957-illustration-of-a-city-skyline-or@2x.png */ = {isa = PBXFileReference; lastKnownFileType = image.png; path = "6957-illustration-of-a-city-skyline-or@2x.png"; sourceTree = "<group>"; };
		B67028381D5262E600D911DA /* 15360-illustration-of-city-buildings-in-melbourne-australia-or-resize.png */ = {isa = PBXFileReference; lastKnownFileType = image.png; path = "15360-illustration-of-city-buildings-in-melbourne-australia-or-resize.png"; sourceTree = "<group>"; };
		B67028391D5262E600D911DA /* 15360-illustration-of-city-buildings-in-melbourne-australia-or-resize@2x.png */ = {isa = PBXFileReference; lastKnownFileType = image.png; path = "15360-illustration-of-city-buildings-in-melbourne-australia-or-resize@2x.png"; sourceTree = "<group>"; };
		B68053E31D47853F0023DBFC /* SBSSlideBaseVC.h */ = {isa = PBXFileReference; fileEncoding = 4; lastKnownFileType = sourcecode.c.h; path = SBSSlideBaseVC.h; sourceTree = "<group>"; };
		B68053E41D47853F0023DBFC /* SBSSlideBaseVC.m */ = {isa = PBXFileReference; fileEncoding = 4; lastKnownFileType = sourcecode.c.objc; path = SBSSlideBaseVC.m; sourceTree = "<group>"; };
		B68053EB1D47DE670023DBFC /* SBSSlide1Query1VC.h */ = {isa = PBXFileReference; fileEncoding = 4; lastKnownFileType = sourcecode.c.h; path = SBSSlide1Query1VC.h; sourceTree = "<group>"; };
		B68053EC1D47DE670023DBFC /* SBSSlide1Query1VC.m */ = {isa = PBXFileReference; fileEncoding = 4; lastKnownFileType = sourcecode.c.objc; path = SBSSlide1Query1VC.m; sourceTree = "<group>"; };
		B68053ED1D47DE670023DBFC /* SBSSlide1Query1VC.xib */ = {isa = PBXFileReference; fileEncoding = 4; lastKnownFileType = file.xib; path = SBSSlide1Query1VC.xib; sourceTree = "<group>"; };
		B68053F01D47DEF40023DBFC /* SBSSlide2Query1VC.h */ = {isa = PBXFileReference; fileEncoding = 4; lastKnownFileType = sourcecode.c.h; path = SBSSlide2Query1VC.h; sourceTree = "<group>"; };
		B68053F11D47DEF40023DBFC /* SBSSlide2Query1VC.m */ = {isa = PBXFileReference; fileEncoding = 4; lastKnownFileType = sourcecode.c.objc; path = SBSSlide2Query1VC.m; sourceTree = "<group>"; };
		B68053F21D47DEF40023DBFC /* SBSSlide2Query1VC.xib */ = {isa = PBXFileReference; fileEncoding = 4; lastKnownFileType = file.xib; path = SBSSlide2Query1VC.xib; sourceTree = "<group>"; };
		B6AD9B6F1D841C01008C8CA5 /* SBSStats2AnswVC.h */ = {isa = PBXFileReference; fileEncoding = 4; lastKnownFileType = sourcecode.c.h; name = SBSStats2AnswVC.h; path = QueryCollector/ViewController/stats/SBSStats2AnswVC.h; sourceTree = SOURCE_ROOT; };
		B6AD9B701D841C01008C8CA5 /* SBSStats2AnswVC.m */ = {isa = PBXFileReference; fileEncoding = 4; lastKnownFileType = sourcecode.c.objc; name = SBSStats2AnswVC.m; path = QueryCollector/ViewController/stats/SBSStats2AnswVC.m; sourceTree = SOURCE_ROOT; };
		B6AD9B711D841C01008C8CA5 /* SBSStats2AnswVC.xib */ = {isa = PBXFileReference; fileEncoding = 4; lastKnownFileType = file.xib; name = SBSStats2AnswVC.xib; path = QueryCollector/ViewController/stats/SBSStats2AnswVC.xib; sourceTree = SOURCE_ROOT; };
		B6AD9B741D841C65008C8CA5 /* SBSStats3AnswVC.h */ = {isa = PBXFileReference; fileEncoding = 4; lastKnownFileType = sourcecode.c.h; name = SBSStats3AnswVC.h; path = QueryCollector/ViewController/stats/SBSStats3AnswVC.h; sourceTree = SOURCE_ROOT; };
		B6AD9B751D841C65008C8CA5 /* SBSStats3AnswVC.m */ = {isa = PBXFileReference; fileEncoding = 4; lastKnownFileType = sourcecode.c.objc; name = SBSStats3AnswVC.m; path = QueryCollector/ViewController/stats/SBSStats3AnswVC.m; sourceTree = SOURCE_ROOT; };
		B6AD9B761D841C65008C8CA5 /* SBSStats3AnswVC.xib */ = {isa = PBXFileReference; fileEncoding = 4; lastKnownFileType = file.xib; name = SBSStats3AnswVC.xib; path = QueryCollector/ViewController/stats/SBSStats3AnswVC.xib; sourceTree = SOURCE_ROOT; };
		B6AD9B791D841C9D008C8CA5 /* SBSStats4AnswVC.h */ = {isa = PBXFileReference; fileEncoding = 4; lastKnownFileType = sourcecode.c.h; name = SBSStats4AnswVC.h; path = QueryCollector/ViewController/stats/SBSStats4AnswVC.h; sourceTree = SOURCE_ROOT; };
		B6AD9B7A1D841C9D008C8CA5 /* SBSStats4AnswVC.m */ = {isa = PBXFileReference; fileEncoding = 4; lastKnownFileType = sourcecode.c.objc; name = SBSStats4AnswVC.m; path = QueryCollector/ViewController/stats/SBSStats4AnswVC.m; sourceTree = SOURCE_ROOT; };
		B6AD9B7B1D841C9D008C8CA5 /* SBSStats4AnswVC.xib */ = {isa = PBXFileReference; fileEncoding = 4; lastKnownFileType = file.xib; name = SBSStats4AnswVC.xib; path = QueryCollector/ViewController/stats/SBSStats4AnswVC.xib; sourceTree = SOURCE_ROOT; };
		B6AD9B7E1D841CD1008C8CA5 /* SBSStats6AnswVC.h */ = {isa = PBXFileReference; fileEncoding = 4; lastKnownFileType = sourcecode.c.h; name = SBSStats6AnswVC.h; path = QueryCollector/ViewController/stats/SBSStats6AnswVC.h; sourceTree = SOURCE_ROOT; };
		B6AD9B7F1D841CD1008C8CA5 /* SBSStats6AnswVC.m */ = {isa = PBXFileReference; fileEncoding = 4; lastKnownFileType = sourcecode.c.objc; name = SBSStats6AnswVC.m; path = QueryCollector/ViewController/stats/SBSStats6AnswVC.m; sourceTree = SOURCE_ROOT; };
		B6AD9B801D841CD1008C8CA5 /* SBSStats6AnswVC.xib */ = {isa = PBXFileReference; fileEncoding = 4; lastKnownFileType = file.xib; name = SBSStats6AnswVC.xib; path = QueryCollector/ViewController/stats/SBSStats6AnswVC.xib; sourceTree = SOURCE_ROOT; };
		B6AD9B831D84289A008C8CA5 /* SBSStatsBaseVC.h */ = {isa = PBXFileReference; fileEncoding = 4; lastKnownFileType = sourcecode.c.h; name = SBSStatsBaseVC.h; path = QueryCollector/ViewController/stats/SBSStatsBaseVC.h; sourceTree = SOURCE_ROOT; };
		B6AD9B841D84289A008C8CA5 /* SBSStatsBaseVC.m */ = {isa = PBXFileReference; fileEncoding = 4; lastKnownFileType = sourcecode.c.objc; name = SBSStatsBaseVC.m; path = QueryCollector/ViewController/stats/SBSStatsBaseVC.m; sourceTree = SOURCE_ROOT; };
		B6CC87911D588C190016EE34 /* back-home-btn.png */ = {isa = PBXFileReference; lastKnownFileType = image.png; path = "back-home-btn.png"; sourceTree = "<group>"; };
		B6CC87921D588C190016EE34 /* back-home-btn@2x.png */ = {isa = PBXFileReference; lastKnownFileType = image.png; path = "back-home-btn@2x.png"; sourceTree = "<group>"; };
		B6D191691D50AE9500A88162 /* SBSSlide3Query1VC.h */ = {isa = PBXFileReference; fileEncoding = 4; lastKnownFileType = sourcecode.c.h; path = SBSSlide3Query1VC.h; sourceTree = "<group>"; };
		B6D1916A1D50AE9500A88162 /* SBSSlide3Query1VC.m */ = {isa = PBXFileReference; fileEncoding = 4; lastKnownFileType = sourcecode.c.objc; path = SBSSlide3Query1VC.m; sourceTree = "<group>"; };
		B6D1916B1D50AE9500A88162 /* SBSSlide3Query1VC.xib */ = {isa = PBXFileReference; fileEncoding = 4; lastKnownFileType = file.xib; path = SBSSlide3Query1VC.xib; sourceTree = "<group>"; };
		B6D1916E1D50AFAA00A88162 /* SBSSlide4Query1VC.h */ = {isa = PBXFileReference; fileEncoding = 4; lastKnownFileType = sourcecode.c.h; path = SBSSlide4Query1VC.h; sourceTree = "<group>"; };
		B6D1916F1D50AFAA00A88162 /* SBSSlide4Query1VC.m */ = {isa = PBXFileReference; fileEncoding = 4; lastKnownFileType = sourcecode.c.objc; path = SBSSlide4Query1VC.m; sourceTree = "<group>"; };
		B6D191701D50AFAA00A88162 /* SBSSlide4Query1VC.xib */ = {isa = PBXFileReference; fileEncoding = 4; lastKnownFileType = file.xib; path = SBSSlide4Query1VC.xib; sourceTree = "<group>"; };
		B6D191741D50B3E700A88162 /* SBSSlide1Query2VC.h */ = {isa = PBXFileReference; fileEncoding = 4; lastKnownFileType = sourcecode.c.h; path = SBSSlide1Query2VC.h; sourceTree = "<group>"; };
		B6D191751D50B3E700A88162 /* SBSSlide1Query2VC.m */ = {isa = PBXFileReference; fileEncoding = 4; lastKnownFileType = sourcecode.c.objc; path = SBSSlide1Query2VC.m; sourceTree = "<group>"; };
		B6D191761D50B3E700A88162 /* SBSSlide1Query2VC.xib */ = {isa = PBXFileReference; fileEncoding = 4; lastKnownFileType = file.xib; path = SBSSlide1Query2VC.xib; sourceTree = "<group>"; };
		B6D191791D50B55000A88162 /* SBSSlide2Query2VC.h */ = {isa = PBXFileReference; fileEncoding = 4; lastKnownFileType = sourcecode.c.h; path = SBSSlide2Query2VC.h; sourceTree = "<group>"; };
		B6D1917A1D50B55000A88162 /* SBSSlide2Query2VC.m */ = {isa = PBXFileReference; fileEncoding = 4; lastKnownFileType = sourcecode.c.objc; path = SBSSlide2Query2VC.m; sourceTree = "<group>"; };
		B6D1917B1D50B55000A88162 /* SBSSlide2Query2VC.xib */ = {isa = PBXFileReference; fileEncoding = 4; lastKnownFileType = file.xib; path = SBSSlide2Query2VC.xib; sourceTree = "<group>"; };
		B6D1917E1D50B5CD00A88162 /* SBSSlide3Query2VC.h */ = {isa = PBXFileReference; fileEncoding = 4; lastKnownFileType = sourcecode.c.h; path = SBSSlide3Query2VC.h; sourceTree = "<group>"; };
		B6D1917F1D50B5CD00A88162 /* SBSSlide3Query2VC.m */ = {isa = PBXFileReference; fileEncoding = 4; lastKnownFileType = sourcecode.c.objc; path = SBSSlide3Query2VC.m; sourceTree = "<group>"; };
		B6D191801D50B5CD00A88162 /* SBSSlide3Query2VC.xib */ = {isa = PBXFileReference; fileEncoding = 4; lastKnownFileType = file.xib; path = SBSSlide3Query2VC.xib; sourceTree = "<group>"; };
		B6E6BC4C1D3FD64B004E5D1B /* SBSSessionActivityModel.h */ = {isa = PBXFileReference; fileEncoding = 4; lastKnownFileType = sourcecode.c.h; path = SBSSessionActivityModel.h; sourceTree = "<group>"; };
		B6E6BC4D1D3FD64B004E5D1B /* SBSSessionActivityModel.m */ = {isa = PBXFileReference; fileEncoding = 4; lastKnownFileType = sourcecode.c.objc; path = SBSSessionActivityModel.m; sourceTree = "<group>"; };
/* End PBXFileReference section */

/* Begin PBXFrameworksBuildPhase section */
		957767B71D2CF3B0006FE5A0 /* Frameworks */ = {
			isa = PBXFrameworksBuildPhase;
			buildActionMask = 2147483647;
			files = (
				957768451D2D03BE006FE5A0 /* libsqlite3.tbd in Frameworks */,
			);
			runOnlyForDeploymentPostprocessing = 0;
		};
		957767D01D2CF3B1006FE5A0 /* Frameworks */ = {
			isa = PBXFrameworksBuildPhase;
			buildActionMask = 2147483647;
			files = (
			);
			runOnlyForDeploymentPostprocessing = 0;
		};
/* End PBXFrameworksBuildPhase section */

/* Begin PBXGroup section */
		955BFF251D81BB730082999B /* stats */ = {
			isa = PBXGroup;
			children = (
				955BFF271D81BCE20082999B /* SBSStaticsScrollVC.h */,
				955BFF281D81BCE20082999B /* SBSStaticsScrollVC.m */,
				955BFF291D81BCE20082999B /* SBSStaticsScrollVC.xib */,
				955BFF261D81BB730082999B /* StatsViews */,
			);
			path = stats;
			sourceTree = "<group>";
		};
		955BFF261D81BB730082999B /* StatsViews */ = {
			isa = PBXGroup;
			children = (
				B6AD9B831D84289A008C8CA5 /* SBSStatsBaseVC.h */,
				B6AD9B841D84289A008C8CA5 /* SBSStatsBaseVC.m */,
				B6AD9B6F1D841C01008C8CA5 /* SBSStats2AnswVC.h */,
				B6AD9B701D841C01008C8CA5 /* SBSStats2AnswVC.m */,
				B6AD9B711D841C01008C8CA5 /* SBSStats2AnswVC.xib */,
				B6AD9B741D841C65008C8CA5 /* SBSStats3AnswVC.h */,
				B6AD9B751D841C65008C8CA5 /* SBSStats3AnswVC.m */,
				B6AD9B761D841C65008C8CA5 /* SBSStats3AnswVC.xib */,
				B6AD9B791D841C9D008C8CA5 /* SBSStats4AnswVC.h */,
				B6AD9B7A1D841C9D008C8CA5 /* SBSStats4AnswVC.m */,
				B6AD9B7B1D841C9D008C8CA5 /* SBSStats4AnswVC.xib */,
				B6AD9B7E1D841CD1008C8CA5 /* SBSStats6AnswVC.h */,
				B6AD9B7F1D841CD1008C8CA5 /* SBSStats6AnswVC.m */,
				B6AD9B801D841CD1008C8CA5 /* SBSStats6AnswVC.xib */,
			);
			path = StatsViews;
			sourceTree = "<group>";
		};
		957767B11D2CF3B0006FE5A0 = {
			isa = PBXGroup;
			children = (
				957768441D2D03BE006FE5A0 /* libsqlite3.tbd */,
				957767BC1D2CF3B1006FE5A0 /* QueryCollector */,
				957767D61D2CF3B1006FE5A0 /* QueryCollectorUITests */,
				957767BB1D2CF3B0006FE5A0 /* Products */,
			);
			sourceTree = "<group>";
		};
		957767BB1D2CF3B0006FE5A0 /* Products */ = {
			isa = PBXGroup;
			children = (
				957767BA1D2CF3B0006FE5A0 /* QueryCollector.app */,
				957767D31D2CF3B1006FE5A0 /* QueryCollectorUITests.xctest */,
			);
			name = Products;
			sourceTree = "<group>";
		};
		957767BC1D2CF3B1006FE5A0 /* QueryCollector */ = {
			isa = PBXGroup;
			children = (
				B66748EC1D5200C300BC5750 /* Resources */,
				957767E21D2CF524006FE5A0 /* Libs */,
				957767C01D2CF3B1006FE5A0 /* AppDelegate.h */,
				957767C11D2CF3B1006FE5A0 /* AppDelegate.m */,
				957768461D2D0644006FE5A0 /* DataManager */,
				957768471D2D0644006FE5A0 /* ViewController */,
				957767C61D2CF3B1006FE5A0 /* Main.storyboard */,
				957767C91D2CF3B1006FE5A0 /* Assets.xcassets */,
				957767CB1D2CF3B1006FE5A0 /* LaunchScreen.storyboard */,
				957767CE1D2CF3B1006FE5A0 /* Info.plist */,
				957767BD1D2CF3B1006FE5A0 /* Supporting Files */,
			);
			path = QueryCollector;
			sourceTree = "<group>";
		};
		957767BD1D2CF3B1006FE5A0 /* Supporting Files */ = {
			isa = PBXGroup;
			children = (
				957767BE1D2CF3B1006FE5A0 /* main.m */,
			);
			name = "Supporting Files";
			sourceTree = "<group>";
		};
		957767D61D2CF3B1006FE5A0 /* QueryCollectorUITests */ = {
			isa = PBXGroup;
			children = (
				957767D71D2CF3B1006FE5A0 /* QueryCollectorUITests.m */,
				957767D91D2CF3B1006FE5A0 /* Info.plist */,
			);
			path = QueryCollectorUITests;
			sourceTree = "<group>";
		};
		957767E21D2CF524006FE5A0 /* Libs */ = {
			isa = PBXGroup;
			children = (
				957767E31D2CF524006FE5A0 /* Animations */,
				957767E71D2CF524006FE5A0 /* Data */,
				957767EC1D2CF524006FE5A0 /* FMDB */,
				957767F81D2CF524006FE5A0 /* KeyboardHelper.h */,
				957767F91D2CF524006FE5A0 /* KeyboardHelper.m */,
				957767FA1D2CF524006FE5A0 /* PDFReader */,
				957768231D2CF524006FE5A0 /* Reachability.h */,
				957768241D2CF524006FE5A0 /* Reachability.m */,
			);
			path = Libs;
			sourceTree = "<group>";
		};
		957767E31D2CF524006FE5A0 /* Animations */ = {
			isa = PBXGroup;
			children = (
				957767E41D2CF524006FE5A0 /* Defines.h */,
				957767E51D2CF524006FE5A0 /* UIView+Animations.h */,
				957767E61D2CF524006FE5A0 /* UIView+Animations.m */,
			);
			path = Animations;
			sourceTree = "<group>";
		};
		957767E71D2CF524006FE5A0 /* Data */ = {
			isa = PBXGroup;
			children = (
				957767E81D2CF524006FE5A0 /* DatabaseAccess.h */,
				957767E91D2CF524006FE5A0 /* DatabaseAccess.m */,
				957767EA1D2CF524006FE5A0 /* DatabaseHelper.h */,
				957767EB1D2CF524006FE5A0 /* DatabaseHelper.m */,
			);
			path = Data;
			sourceTree = "<group>";
		};
		957767EC1D2CF524006FE5A0 /* FMDB */ = {
			isa = PBXGroup;
			children = (
				957767ED1D2CF524006FE5A0 /* FMDatabase.h */,
				957767EE1D2CF524006FE5A0 /* FMDatabase.m */,
				957767EF1D2CF524006FE5A0 /* FMDatabaseAdditions.h */,
				957767F01D2CF524006FE5A0 /* FMDatabaseAdditions.m */,
				957767F11D2CF524006FE5A0 /* FMDatabasePool.h */,
				957767F21D2CF524006FE5A0 /* FMDatabasePool.m */,
				957767F31D2CF524006FE5A0 /* FMDatabaseQueue.h */,
				957767F41D2CF524006FE5A0 /* FMDatabaseQueue.m */,
				957767F51D2CF524006FE5A0 /* fmdb.m */,
				957767F61D2CF524006FE5A0 /* FMResultSet.h */,
				957767F71D2CF524006FE5A0 /* FMResultSet.m */,
			);
			path = FMDB;
			sourceTree = "<group>";
		};
		957767FA1D2CF524006FE5A0 /* PDFReader */ = {
			isa = PBXGroup;
			children = (
				957767FB1D2CF524006FE5A0 /* CGPDFDocument.h */,
				957767FC1D2CF524006FE5A0 /* CGPDFDocument.m */,
				957767FD1D2CF524006FE5A0 /* ReaderConstants.h */,
				957767FE1D2CF524006FE5A0 /* ReaderConstants.m */,
				957767FF1D2CF524006FE5A0 /* ReaderContentPage.h */,
				957768001D2CF524006FE5A0 /* ReaderContentPage.m */,
				957768011D2CF524006FE5A0 /* ReaderContentTile.h */,
				957768021D2CF524006FE5A0 /* ReaderContentTile.m */,
				957768031D2CF524006FE5A0 /* ReaderContentView.h */,
				957768041D2CF524006FE5A0 /* ReaderContentView.m */,
				957768051D2CF524006FE5A0 /* ReaderDocument.h */,
				957768061D2CF524006FE5A0 /* ReaderDocument.m */,
				957768071D2CF524006FE5A0 /* ReaderDocumentOutline.h */,
				957768081D2CF524006FE5A0 /* ReaderDocumentOutline.m */,
				957768091D2CF524006FE5A0 /* ReaderMainPagebar.h */,
				9577680A1D2CF524006FE5A0 /* ReaderMainPagebar.m */,
				9577680B1D2CF524006FE5A0 /* ReaderMainToolbar.h */,
				9577680C1D2CF524006FE5A0 /* ReaderMainToolbar.m */,
				9577680D1D2CF524006FE5A0 /* ReaderThumbCache.h */,
				9577680E1D2CF524006FE5A0 /* ReaderThumbCache.m */,
				9577680F1D2CF524006FE5A0 /* ReaderThumbFetch.h */,
				957768101D2CF524006FE5A0 /* ReaderThumbFetch.m */,
				957768111D2CF524006FE5A0 /* ReaderThumbQueue.h */,
				957768121D2CF524006FE5A0 /* ReaderThumbQueue.m */,
				957768131D2CF524006FE5A0 /* ReaderThumbRender.h */,
				957768141D2CF524006FE5A0 /* ReaderThumbRender.m */,
				957768151D2CF524006FE5A0 /* ReaderThumbRequest.h */,
				957768161D2CF524006FE5A0 /* ReaderThumbRequest.m */,
				957768171D2CF524006FE5A0 /* ReaderThumbsView.h */,
				957768181D2CF524006FE5A0 /* ReaderThumbsView.m */,
				957768191D2CF524006FE5A0 /* ReaderThumbView.h */,
				9577681A1D2CF524006FE5A0 /* ReaderThumbView.m */,
				9577681B1D2CF524006FE5A0 /* ReaderViewController.h */,
				9577681C1D2CF524006FE5A0 /* ReaderViewController.m */,
				9577681D1D2CF524006FE5A0 /* ThumbsMainToolbar.h */,
				9577681E1D2CF524006FE5A0 /* ThumbsMainToolbar.m */,
				9577681F1D2CF524006FE5A0 /* ThumbsViewController.h */,
				957768201D2CF524006FE5A0 /* ThumbsViewController.m */,
				957768211D2CF524006FE5A0 /* UIXToolbarView.h */,
				957768221D2CF524006FE5A0 /* UIXToolbarView.m */,
			);
			path = PDFReader;
			sourceTree = "<group>";
		};
		957768461D2D0644006FE5A0 /* DataManager */ = {
			isa = PBXGroup;
			children = (
				B616041D1D3EA6120061C382 /* Datas */,
				B616041E1D3EA6120061C382 /* Models */,
				B61604191D3EA5C30061C382 /* Api */,
				B616041F1D3EA6AC0061C382 /* Syncro */,
			);
			path = DataManager;
			sourceTree = "<group>";
		};
		957768471D2D0644006FE5A0 /* ViewController */ = {
			isa = PBXGroup;
			children = (
				957768481D2D06B7006FE5A0 /* HomeVC.h */,
				957768491D2D06B7006FE5A0 /* HomeVC.m */,
				957768531D2D173F006FE5A0 /* SBSQueryMasterVC.h */,
				957768541D2D173F006FE5A0 /* SBSQueryMasterVC.m */,
				B68053E31D47853F0023DBFC /* SBSSlideBaseVC.h */,
				B68053E41D47853F0023DBFC /* SBSSlideBaseVC.m */,
				9577684B1D2D13B9006FE5A0 /* query1 */,
				B6D191731D50B37100A88162 /* query2 */,
				955BFF251D81BB730082999B /* stats */,
			);
			path = ViewController;
			sourceTree = "<group>";
		};
		9577684B1D2D13B9006FE5A0 /* query1 */ = {
			isa = PBXGroup;
			children = (
				B68053EB1D47DE670023DBFC /* SBSSlide1Query1VC.h */,
				B68053EC1D47DE670023DBFC /* SBSSlide1Query1VC.m */,
				B68053ED1D47DE670023DBFC /* SBSSlide1Query1VC.xib */,
				B68053F01D47DEF40023DBFC /* SBSSlide2Query1VC.h */,
				B68053F11D47DEF40023DBFC /* SBSSlide2Query1VC.m */,
				B68053F21D47DEF40023DBFC /* SBSSlide2Query1VC.xib */,
				B6D191691D50AE9500A88162 /* SBSSlide3Query1VC.h */,
				B6D1916A1D50AE9500A88162 /* SBSSlide3Query1VC.m */,
				B6D1916B1D50AE9500A88162 /* SBSSlide3Query1VC.xib */,
				B6D1916E1D50AFAA00A88162 /* SBSSlide4Query1VC.h */,
				B6D1916F1D50AFAA00A88162 /* SBSSlide4Query1VC.m */,
				B6D191701D50AFAA00A88162 /* SBSSlide4Query1VC.xib */,
			);
			path = query1;
			sourceTree = "<group>";
		};
		B61604191D3EA5C30061C382 /* Api */ = {
			isa = PBXGroup;
			children = (
				B616041A1D3EA5C30061C382 /* SBSApiDataManager.h */,
				B616041B1D3EA5C30061C382 /* SBSApiDataManager.m */,
			);
			path = Api;
			sourceTree = "<group>";
		};
		B616041D1D3EA6120061C382 /* Datas */ = {
			isa = PBXGroup;
			children = (
				B61604231D3EA9120061C382 /* SBSCityData.h */,
				B61604241D3EA9120061C382 /* SBSCityData.m */,
				B6308A741D6E249800316EFE /* SBSAnswerData.h */,
				B6308A751D6E249800316EFE /* SBSAnswerData.m */,
			);
			path = Datas;
			sourceTree = "<group>";
		};
		B616041E1D3EA6120061C382 /* Models */ = {
			isa = PBXGroup;
			children = (
				B61604201D3EA6F50061C382 /* SBSCityModel.h */,
				B61604211D3EA6F50061C382 /* SBSCityModel.m */,
				B6E6BC4C1D3FD64B004E5D1B /* SBSSessionActivityModel.h */,
				B6E6BC4D1D3FD64B004E5D1B /* SBSSessionActivityModel.m */,
				B6308A711D6E21ED00316EFE /* SBSAnswerModel.h */,
				B6308A721D6E21ED00316EFE /* SBSAnswerModel.m */,
			);
			path = Models;
			sourceTree = "<group>";
		};
		B616041F1D3EA6AC0061C382 /* Syncro */ = {
			isa = PBXGroup;
			children = (
				B61604261D3EAE830061C382 /* SBSSyncroData.h */,
				B61604271D3EAE830061C382 /* SBSSyncroData.m */,
			);
			path = Syncro;
			sourceTree = "<group>";
		};
		B66748EC1D5200C300BC5750 /* Resources */ = {
			isa = PBXGroup;
			children = (
				B66748ED1D5200C300BC5750 /* images */,
			);
			path = Resources;
			sourceTree = "<group>";
		};
		B66748ED1D5200C300BC5750 /* images */ = {
			isa = PBXGroup;
			children = (
				B6CC87911D588C190016EE34 /* back-home-btn.png */,
				B6CC87921D588C190016EE34 /* back-home-btn@2x.png */,
				B67028381D5262E600D911DA /* 15360-illustration-of-city-buildings-in-melbourne-australia-or-resize.png */,
				B67028391D5262E600D911DA /* 15360-illustration-of-city-buildings-in-melbourne-australia-or-resize@2x.png */,
				B66748F81D52046200BC5750 /* 6957-illustration-of-a-city-skyline-or@2x.png */,
				B66748F61D5203D500BC5750 /* 6957-illustration-of-a-city-skyline-or.png */,
				B66748EE1D5202B000BC5750 /* 5655-close-up-of-an-isolated-sunflower-pv.jpg */,
				B66748F01D5202B000BC5750 /* 9536-a-strawberry-splashing-in-water-or.jpg */,
			);
			path = images;
			sourceTree = "<group>";
		};
		B6D191731D50B37100A88162 /* query2 */ = {
			isa = PBXGroup;
			children = (
				B6D191741D50B3E700A88162 /* SBSSlide1Query2VC.h */,
				B6D191751D50B3E700A88162 /* SBSSlide1Query2VC.m */,
				B6D191761D50B3E700A88162 /* SBSSlide1Query2VC.xib */,
				B6D191791D50B55000A88162 /* SBSSlide2Query2VC.h */,
				B6D1917A1D50B55000A88162 /* SBSSlide2Query2VC.m */,
				B6D1917B1D50B55000A88162 /* SBSSlide2Query2VC.xib */,
				B6D1917E1D50B5CD00A88162 /* SBSSlide3Query2VC.h */,
				B6D1917F1D50B5CD00A88162 /* SBSSlide3Query2VC.m */,
				B6D191801D50B5CD00A88162 /* SBSSlide3Query2VC.xib */,
			);
			path = query2;
			sourceTree = "<group>";
		};
/* End PBXGroup section */

/* Begin PBXNativeTarget section */
		957767B91D2CF3B0006FE5A0 /* QueryCollector */ = {
			isa = PBXNativeTarget;
			buildConfigurationList = 957767DC1D2CF3B1006FE5A0 /* Build configuration list for PBXNativeTarget "QueryCollector" */;
			buildPhases = (
				957767B61D2CF3B0006FE5A0 /* Sources */,
				957767B71D2CF3B0006FE5A0 /* Frameworks */,
				957767B81D2CF3B0006FE5A0 /* Resources */,
			);
			buildRules = (
			);
			dependencies = (
			);
			name = QueryCollector;
			productName = QueryCollector;
			productReference = 957767BA1D2CF3B0006FE5A0 /* QueryCollector.app */;
			productType = "com.apple.product-type.application";
		};
		957767D21D2CF3B1006FE5A0 /* QueryCollectorUITests */ = {
			isa = PBXNativeTarget;
			buildConfigurationList = 957767DF1D2CF3B1006FE5A0 /* Build configuration list for PBXNativeTarget "QueryCollectorUITests" */;
			buildPhases = (
				957767CF1D2CF3B1006FE5A0 /* Sources */,
				957767D01D2CF3B1006FE5A0 /* Frameworks */,
				957767D11D2CF3B1006FE5A0 /* Resources */,
			);
			buildRules = (
			);
			dependencies = (
				957767D51D2CF3B1006FE5A0 /* PBXTargetDependency */,
			);
			name = QueryCollectorUITests;
			productName = QueryCollectorUITests;
			productReference = 957767D31D2CF3B1006FE5A0 /* QueryCollectorUITests.xctest */;
			productType = "com.apple.product-type.bundle.ui-testing";
		};
/* End PBXNativeTarget section */

/* Begin PBXProject section */
		957767B21D2CF3B0006FE5A0 /* Project object */ = {
			isa = PBXProject;
			attributes = {
				LastUpgradeCheck = 0730;
				ORGANIZATIONNAME = SBS;
				TargetAttributes = {
					957767B91D2CF3B0006FE5A0 = {
						CreatedOnToolsVersion = 7.3.1;
						DevelopmentTeam = LV933XJQFS;
					};
					957767D21D2CF3B1006FE5A0 = {
						CreatedOnToolsVersion = 7.3.1;
						TestTargetID = 957767B91D2CF3B0006FE5A0;
					};
				};
			};
			buildConfigurationList = 957767B51D2CF3B0006FE5A0 /* Build configuration list for PBXProject "QueryCollector" */;
			compatibilityVersion = "Xcode 3.2";
			developmentRegion = English;
			hasScannedForEncodings = 0;
			knownRegions = (
				en,
				Base,
			);
			mainGroup = 957767B11D2CF3B0006FE5A0;
			productRefGroup = 957767BB1D2CF3B0006FE5A0 /* Products */;
			projectDirPath = "";
			projectRoot = "";
			targets = (
				957767B91D2CF3B0006FE5A0 /* QueryCollector */,
				957767D21D2CF3B1006FE5A0 /* QueryCollectorUITests */,
			);
		};
/* End PBXProject section */

/* Begin PBXResourcesBuildPhase section */
		957767B81D2CF3B0006FE5A0 /* Resources */ = {
			isa = PBXResourcesBuildPhase;
			buildActionMask = 2147483647;
			files = (
				B66748F21D5202B000BC5750 /* 5655-close-up-of-an-isolated-sunflower-pv.jpg in Resources */,
				B6CC87941D588C190016EE34 /* back-home-btn@2x.png in Resources */,
				B68053F41D47DEF40023DBFC /* SBSSlide2Query1VC.xib in Resources */,
				B66748F71D5203D500BC5750 /* 6957-illustration-of-a-city-skyline-or.png in Resources */,
				B6D191821D50B5CD00A88162 /* SBSSlide3Query2VC.xib in Resources */,
				B6D191781D50B3E700A88162 /* SBSSlide1Query2VC.xib in Resources */,
				B6D1917D1D50B55000A88162 /* SBSSlide2Query2VC.xib in Resources */,
				B6AD9B731D841C01008C8CA5 /* SBSStats2AnswVC.xib in Resources */,
				B68053EF1D47DE670023DBFC /* SBSSlide1Query1VC.xib in Resources */,
				B6AD9B821D841CD1008C8CA5 /* SBSStats6AnswVC.xib in Resources */,
				B6D1916D1D50AE9500A88162 /* SBSSlide3Query1VC.xib in Resources */,
				957767CD1D2CF3B1006FE5A0 /* LaunchScreen.storyboard in Resources */,
				B6AD9B781D841C65008C8CA5 /* SBSStats3AnswVC.xib in Resources */,
				957767CA1D2CF3B1006FE5A0 /* Assets.xcassets in Resources */,
				B670283A1D5262E600D911DA /* 15360-illustration-of-city-buildings-in-melbourne-australia-or-resize.png in Resources */,
				B66748F91D52046200BC5750 /* 6957-illustration-of-a-city-skyline-or@2x.png in Resources */,
				957767C81D2CF3B1006FE5A0 /* Main.storyboard in Resources */,
				B6D191721D50AFAA00A88162 /* SBSSlide4Query1VC.xib in Resources */,
				B6AD9B7D1D841C9D008C8CA5 /* SBSStats4AnswVC.xib in Resources */,
				955BFF2B1D81BCE20082999B /* SBSStaticsScrollVC.xib in Resources */,
				B6CC87931D588C190016EE34 /* back-home-btn.png in Resources */,
				B66748F41D5202B000BC5750 /* 9536-a-strawberry-splashing-in-water-or.jpg in Resources */,
				B670283B1D5262E600D911DA /* 15360-illustration-of-city-buildings-in-melbourne-australia-or-resize@2x.png in Resources */,
			);
			runOnlyForDeploymentPostprocessing = 0;
		};
		957767D11D2CF3B1006FE5A0 /* Resources */ = {
			isa = PBXResourcesBuildPhase;
			buildActionMask = 2147483647;
			files = (
			);
			runOnlyForDeploymentPostprocessing = 0;
		};
/* End PBXResourcesBuildPhase section */

/* Begin PBXSourcesBuildPhase section */
		957767B61D2CF3B0006FE5A0 /* Sources */ = {
			isa = PBXSourcesBuildPhase;
			buildActionMask = 2147483647;
			files = (
				957768351D2CF524006FE5A0 /* ReaderDocumentOutline.m in Sources */,
				957768401D2CF524006FE5A0 /* ThumbsMainToolbar.m in Sources */,
				957768421D2CF524006FE5A0 /* UIXToolbarView.m in Sources */,
				B68053F31D47DEF40023DBFC /* SBSSlide2Query1VC.m in Sources */,
				957768271D2CF524006FE5A0 /* DatabaseHelper.m in Sources */,
				B68053EE1D47DE670023DBFC /* SBSSlide1Query1VC.m in Sources */,
				957768411D2CF524006FE5A0 /* ThumbsViewController.m in Sources */,
				B6AD9B721D841C01008C8CA5 /* SBSStats2AnswVC.m in Sources */,
				B616041C1D3EA5C30061C382 /* SBSApiDataManager.m in Sources */,
				B61604281D3EAE830061C382 /* SBSSyncroData.m in Sources */,
				B6D1917C1D50B55000A88162 /* SBSSlide2Query2VC.m in Sources */,
				957768261D2CF524006FE5A0 /* DatabaseAccess.m in Sources */,
				B6D191811D50B5CD00A88162 /* SBSSlide3Query2VC.m in Sources */,
				9577683C1D2CF524006FE5A0 /* ReaderThumbRequest.m in Sources */,
				9577683A1D2CF524006FE5A0 /* ReaderThumbQueue.m in Sources */,
				9577682F1D2CF524006FE5A0 /* CGPDFDocument.m in Sources */,
				957768281D2CF524006FE5A0 /* FMDatabase.m in Sources */,
				9577683E1D2CF524006FE5A0 /* ReaderThumbView.m in Sources */,
				9577683F1D2CF524006FE5A0 /* ReaderViewController.m in Sources */,
				9577682A1D2CF524006FE5A0 /* FMDatabasePool.m in Sources */,
				9577684A1D2D06B7006FE5A0 /* HomeVC.m in Sources */,
				957768321D2CF524006FE5A0 /* ReaderContentTile.m in Sources */,
				B6AD9B811D841CD1008C8CA5 /* SBSStats6AnswVC.m in Sources */,
				B6D191711D50AFAA00A88162 /* SBSSlide4Query1VC.m in Sources */,
				9577682B1D2CF524006FE5A0 /* FMDatabaseQueue.m in Sources */,
				957768431D2CF524006FE5A0 /* Reachability.m in Sources */,
				9577682E1D2CF524006FE5A0 /* KeyboardHelper.m in Sources */,
				957768331D2CF524006FE5A0 /* ReaderContentView.m in Sources */,
				957768361D2CF524006FE5A0 /* ReaderMainPagebar.m in Sources */,
				955BFF2A1D81BCE20082999B /* SBSStaticsScrollVC.m in Sources */,
				9577682D1D2CF524006FE5A0 /* FMResultSet.m in Sources */,
				957768311D2CF524006FE5A0 /* ReaderContentPage.m in Sources */,
				957768381D2CF524006FE5A0 /* ReaderThumbCache.m in Sources */,
				B61604221D3EA6F50061C382 /* SBSCityModel.m in Sources */,
				B61604251D3EA9120061C382 /* SBSCityData.m in Sources */,
				957768341D2CF524006FE5A0 /* ReaderDocument.m in Sources */,
				B6D1916C1D50AE9500A88162 /* SBSSlide3Query1VC.m in Sources */,
				957768251D2CF524006FE5A0 /* UIView+Animations.m in Sources */,
				957767C21D2CF3B1006FE5A0 /* AppDelegate.m in Sources */,
				957768391D2CF524006FE5A0 /* ReaderThumbFetch.m in Sources */,
				9577682C1D2CF524006FE5A0 /* fmdb.m in Sources */,
				9577683D1D2CF524006FE5A0 /* ReaderThumbsView.m in Sources */,
				9577683B1D2CF524006FE5A0 /* ReaderThumbRender.m in Sources */,
				957768551D2D173F006FE5A0 /* SBSQueryMasterVC.m in Sources */,
				957768301D2CF524006FE5A0 /* ReaderConstants.m in Sources */,
				957767BF1D2CF3B1006FE5A0 /* main.m in Sources */,
				B6AD9B851D84289A008C8CA5 /* SBSStatsBaseVC.m in Sources */,
				B6AD9B7C1D841C9D008C8CA5 /* SBSStats4AnswVC.m in Sources */,
				B6D191771D50B3E700A88162 /* SBSSlide1Query2VC.m in Sources */,
				957768291D2CF524006FE5A0 /* FMDatabaseAdditions.m in Sources */,
				B68053E51D47853F0023DBFC /* SBSSlideBaseVC.m in Sources */,
				B6308A731D6E21ED00316EFE /* SBSAnswerModel.m in Sources */,
				B6E6BC4E1D3FD64B004E5D1B /* SBSSessionActivityModel.m in Sources */,
				B6AD9B771D841C65008C8CA5 /* SBSStats3AnswVC.m in Sources */,
				B6308A761D6E249800316EFE /* SBSAnswerData.m in Sources */,
				957768371D2CF524006FE5A0 /* ReaderMainToolbar.m in Sources */,
			);
			runOnlyForDeploymentPostprocessing = 0;
		};
		957767CF1D2CF3B1006FE5A0 /* Sources */ = {
			isa = PBXSourcesBuildPhase;
			buildActionMask = 2147483647;
			files = (
				957767D81D2CF3B1006FE5A0 /* QueryCollectorUITests.m in Sources */,
			);
			runOnlyForDeploymentPostprocessing = 0;
		};
/* End PBXSourcesBuildPhase section */

/* Begin PBXTargetDependency section */
		957767D51D2CF3B1006FE5A0 /* PBXTargetDependency */ = {
			isa = PBXTargetDependency;
			target = 957767B91D2CF3B0006FE5A0 /* QueryCollector */;
			targetProxy = 957767D41D2CF3B1006FE5A0 /* PBXContainerItemProxy */;
		};
/* End PBXTargetDependency section */

/* Begin PBXVariantGroup section */
		957767C61D2CF3B1006FE5A0 /* Main.storyboard */ = {
			isa = PBXVariantGroup;
			children = (
				957767C71D2CF3B1006FE5A0 /* Base */,
			);
			name = Main.storyboard;
			sourceTree = "<group>";
		};
		957767CB1D2CF3B1006FE5A0 /* LaunchScreen.storyboard */ = {
			isa = PBXVariantGroup;
			children = (
				957767CC1D2CF3B1006FE5A0 /* Base */,
			);
			name = LaunchScreen.storyboard;
			sourceTree = "<group>";
		};
/* End PBXVariantGroup section */

/* Begin XCBuildConfiguration section */
		957767DA1D2CF3B1006FE5A0 /* Debug */ = {
			isa = XCBuildConfiguration;
			buildSettings = {
				ALWAYS_SEARCH_USER_PATHS = NO;
				CLANG_ANALYZER_NONNULL = YES;
				CLANG_CXX_LANGUAGE_STANDARD = "gnu++0x";
				CLANG_CXX_LIBRARY = "libc++";
				CLANG_ENABLE_MODULES = YES;
				CLANG_ENABLE_OBJC_ARC = YES;
				CLANG_WARN_BOOL_CONVERSION = YES;
				CLANG_WARN_CONSTANT_CONVERSION = YES;
				CLANG_WARN_DIRECT_OBJC_ISA_USAGE = YES_ERROR;
				CLANG_WARN_EMPTY_BODY = YES;
				CLANG_WARN_ENUM_CONVERSION = YES;
				CLANG_WARN_INT_CONVERSION = YES;
				CLANG_WARN_OBJC_ROOT_CLASS = YES_ERROR;
				CLANG_WARN_UNREACHABLE_CODE = YES;
				CLANG_WARN__DUPLICATE_METHOD_MATCH = YES;
				"CODE_SIGN_IDENTITY[sdk=iphoneos*]" = "iPhone Developer";
				COPY_PHASE_STRIP = NO;
				DEBUG_INFORMATION_FORMAT = dwarf;
				ENABLE_STRICT_OBJC_MSGSEND = YES;
				ENABLE_TESTABILITY = YES;
				GCC_C_LANGUAGE_STANDARD = gnu99;
				GCC_DYNAMIC_NO_PIC = NO;
				GCC_NO_COMMON_BLOCKS = YES;
				GCC_OPTIMIZATION_LEVEL = 0;
				GCC_PREPROCESSOR_DEFINITIONS = (
					"DEBUG=1",
					"$(inherited)",
				);
				GCC_WARN_64_TO_32_BIT_CONVERSION = YES;
				GCC_WARN_ABOUT_RETURN_TYPE = YES_ERROR;
				GCC_WARN_UNDECLARED_SELECTOR = YES;
				GCC_WARN_UNINITIALIZED_AUTOS = YES_AGGRESSIVE;
				GCC_WARN_UNUSED_FUNCTION = YES;
				GCC_WARN_UNUSED_VARIABLE = YES;
				IPHONEOS_DEPLOYMENT_TARGET = 9.3;
				MTL_ENABLE_DEBUG_INFO = YES;
				ONLY_ACTIVE_ARCH = YES;
				SDKROOT = iphoneos;
				TARGETED_DEVICE_FAMILY = 2;
			};
			name = Debug;
		};
		957767DB1D2CF3B1006FE5A0 /* Release */ = {
			isa = XCBuildConfiguration;
			buildSettings = {
				ALWAYS_SEARCH_USER_PATHS = NO;
				CLANG_ANALYZER_NONNULL = YES;
				CLANG_CXX_LANGUAGE_STANDARD = "gnu++0x";
				CLANG_CXX_LIBRARY = "libc++";
				CLANG_ENABLE_MODULES = YES;
				CLANG_ENABLE_OBJC_ARC = YES;
				CLANG_WARN_BOOL_CONVERSION = YES;
				CLANG_WARN_CONSTANT_CONVERSION = YES;
				CLANG_WARN_DIRECT_OBJC_ISA_USAGE = YES_ERROR;
				CLANG_WARN_EMPTY_BODY = YES;
				CLANG_WARN_ENUM_CONVERSION = YES;
				CLANG_WARN_INT_CONVERSION = YES;
				CLANG_WARN_OBJC_ROOT_CLASS = YES_ERROR;
				CLANG_WARN_UNREACHABLE_CODE = YES;
				CLANG_WARN__DUPLICATE_METHOD_MATCH = YES;
				"CODE_SIGN_IDENTITY[sdk=iphoneos*]" = "iPhone Developer";
				COPY_PHASE_STRIP = NO;
				DEBUG_INFORMATION_FORMAT = "dwarf-with-dsym";
				ENABLE_NS_ASSERTIONS = NO;
				ENABLE_STRICT_OBJC_MSGSEND = YES;
				GCC_C_LANGUAGE_STANDARD = gnu99;
				GCC_NO_COMMON_BLOCKS = YES;
				GCC_WARN_64_TO_32_BIT_CONVERSION = YES;
				GCC_WARN_ABOUT_RETURN_TYPE = YES_ERROR;
				GCC_WARN_UNDECLARED_SELECTOR = YES;
				GCC_WARN_UNINITIALIZED_AUTOS = YES_AGGRESSIVE;
				GCC_WARN_UNUSED_FUNCTION = YES;
				GCC_WARN_UNUSED_VARIABLE = YES;
				IPHONEOS_DEPLOYMENT_TARGET = 9.3;
				MTL_ENABLE_DEBUG_INFO = NO;
				SDKROOT = iphoneos;
				TARGETED_DEVICE_FAMILY = 2;
				VALIDATE_PRODUCT = YES;
			};
			name = Release;
		};
		957767DD1D2CF3B1006FE5A0 /* Debug */ = {
			isa = XCBuildConfiguration;
			buildSettings = {
				ASSETCATALOG_COMPILER_APPICON_NAME = AppIcon;
				CODE_SIGN_IDENTITY = "iPhone Developer";
				"CODE_SIGN_IDENTITY[sdk=iphoneos*]" = "iPhone Developer";
				INFOPLIST_FILE = QueryCollector/Info.plist;
				IPHONEOS_DEPLOYMENT_TARGET = 9.0;
				LD_RUNPATH_SEARCH_PATHS = "$(inherited) @executable_path/Frameworks";
				PRODUCT_BUNDLE_IDENTIFIER = SBS.App.QueryCollector;
				PRODUCT_NAME = "$(TARGET_NAME)";
				PROVISIONING_PROFILE = "";
			};
			name = Debug;
		};
		957767DE1D2CF3B1006FE5A0 /* Release */ = {
			isa = XCBuildConfiguration;
			buildSettings = {
				ASSETCATALOG_COMPILER_APPICON_NAME = AppIcon;
				CODE_SIGN_IDENTITY = "iPhone Developer";
				"CODE_SIGN_IDENTITY[sdk=iphoneos*]" = "iPhone Developer";
				INFOPLIST_FILE = QueryCollector/Info.plist;
				IPHONEOS_DEPLOYMENT_TARGET = 9.0;
				LD_RUNPATH_SEARCH_PATHS = "$(inherited) @executable_path/Frameworks";
				PRODUCT_BUNDLE_IDENTIFIER = SBS.App.QueryCollector;
				PRODUCT_NAME = "$(TARGET_NAME)";
				PROVISIONING_PROFILE = "";
			};
			name = Release;
		};
		957767E01D2CF3B1006FE5A0 /* Debug */ = {
			isa = XCBuildConfiguration;
			buildSettings = {
				INFOPLIST_FILE = QueryCollectorUITests/Info.plist;
				LD_RUNPATH_SEARCH_PATHS = "$(inherited) @executable_path/Frameworks @loader_path/Frameworks";
				PRODUCT_BUNDLE_IDENTIFIER = SBS.App.QueryCollectorUITests;
				PRODUCT_NAME = "$(TARGET_NAME)";
				TEST_TARGET_NAME = QueryCollector;
			};
			name = Debug;
		};
		957767E11D2CF3B1006FE5A0 /* Release */ = {
			isa = XCBuildConfiguration;
			buildSettings = {
				INFOPLIST_FILE = QueryCollectorUITests/Info.plist;
				LD_RUNPATH_SEARCH_PATHS = "$(inherited) @executable_path/Frameworks @loader_path/Frameworks";
				PRODUCT_BUNDLE_IDENTIFIER = SBS.App.QueryCollectorUITests;
				PRODUCT_NAME = "$(TARGET_NAME)";
				TEST_TARGET_NAME = QueryCollector;
			};
			name = Release;
		};
/* End XCBuildConfiguration section */

/* Begin XCConfigurationList section */
		957767B51D2CF3B0006FE5A0 /* Build configuration list for PBXProject "QueryCollector" */ = {
			isa = XCConfigurationList;
			buildConfigurations = (
				957767DA1D2CF3B1006FE5A0 /* Debug */,
				957767DB1D2CF3B1006FE5A0 /* Release */,
			);
			defaultConfigurationIsVisible = 0;
			defaultConfigurationName = Release;
		};
		957767DC1D2CF3B1006FE5A0 /* Build configuration list for PBXNativeTarget "QueryCollector" */ = {
			isa = XCConfigurationList;
			buildConfigurations = (
				957767DD1D2CF3B1006FE5A0 /* Debug */,
				957767DE1D2CF3B1006FE5A0 /* Release */,
			);
			defaultConfigurationIsVisible = 0;
			defaultConfigurationName = Release;
		};
		957767DF1D2CF3B1006FE5A0 /* Build configuration list for PBXNativeTarget "QueryCollectorUITests" */ = {
			isa = XCConfigurationList;
			buildConfigurations = (
				957767E01D2CF3B1006FE5A0 /* Debug */,
				957767E11D2CF3B1006FE5A0 /* Release */,
			);
			defaultConfigurationIsVisible = 0;
			defaultConfigurationName = Release;
		};
/* End XCConfigurationList section */
	};
	rootObject = 957767B21D2CF3B0006FE5A0 /* Project object */;
}
